
Microsoft Visual Studio Solution File, Format Version 12.00
# Visual Studio Version 17
VisualStudioVersion = 17.9.34723.18
MinimumVisualStudioVersion = 10.0.40219.1
Project("{FAE04EC0-301F-11D3-BF4B-00C04F79EFBC}") = "DJChusinS2", "DJChusinS2.csproj", "{BF52B50D-22A7-4A33-93A7-3E2C20B29BD3}"
EndProject
Global
	GlobalSection(SolutionConfigurationPlatforms) = preSolution
		Debug|Any CPU = Debug|Any CPU
		Release|Any CPU = Release|Any CPU
	EndGlobalSection
	GlobalSection(ProjectConfigurationPlatforms) = postSolution
		{BF52B50D-22A7-4A33-93A7-3E2C20B29BD3}.Debug|Any CPU.ActiveCfg = Debug|Any CPU
		{BF52B50D-22A7-4A33-93A7-3E2C20B29BD3}.Debug|Any CPU.Build.0 = Debug|Any CPU
		{BF52B50D-22A7-4A33-93A7-3E2C20B29BD3}.Debug|Any CPU.Deploy.0 = Debug|Any CPU
		{BF52B50D-22A7-4A33-93A7-3E2C20B29BD3}.Release|Any CPU.ActiveCfg = Release|Any CPU
		{BF52B50D-22A7-4A33-93A7-3E2C20B29BD3}.Release|Any CPU.Build.0 = Release|Any CPU
		{BF52B50D-22A7-4A33-93A7-3E2C20B29BD3}.Release|Any CPU.Deploy.0 = Release|Any CPU
	EndGlobalSection
	GlobalSection(SolutionProperties) = preSolution
		HideSolutionNode = FALSE
	EndGlobalSection
	GlobalSection(ExtensibilityGlobals) = postSolution
		SolutionGuid = {7F384BF0-9C85-4161-9F26-01DE95649157}
	EndGlobalSection
EndGlobal
